
Microsoft Visual Studio Solution File, Format Version 12.00
# Visual Studio Version 17
VisualStudioVersion = 17.11.35431.28
MinimumVisualStudioVersion = 10.0.40219.1
Project("{8BC9CEB8-8B4A-11D0-8D11-00A0C91BC942}") = "Plano-Cubo-Cono", "Plano-Cubo-Cono.vcxproj", "{23AA958A-0446-4CD3-8ED3-FB8651B2FA34}"
EndProject
Global
	GlobalSection(SolutionConfigurationPlatforms) = preSolution
		Debug|x64 = Debug|x64
		Debug|x86 = Debug|x86
		Release|x64 = Release|x64
		Release|x86 = Release|x86
	EndGlobalSection
	GlobalSection(ProjectConfigurationPlatforms) = postSolution
		{23AA958A-0446-4CD3-8ED3-FB8651B2FA34}.Debug|x64.ActiveCfg = Debug|x64
		{23AA958A-0446-4CD3-8ED3-FB8651B2FA34}.Debug|x64.Build.0 = Debug|x64
		{23AA958A-0446-4CD3-8ED3-FB8651B2FA34}.Debug|x86.ActiveCfg = Debug|Win32
		{23AA958A-0446-4CD3-8ED3-FB8651B2FA34}.Debug|x86.Build.0 = Debug|Win32
		{23AA958A-0446-4CD3-8ED3-FB8651B2FA34}.Release|x64.ActiveCfg = Release|x64
		{23AA958A-0446-4CD3-8ED3-FB8651B2FA34}.Release|x64.Build.0 = Release|x64
		{23AA958A-0446-4CD3-8ED3-FB8651B2FA34}.Release|x86.ActiveCfg = Release|Win32
		{23AA958A-0446-4CD3-8ED3-FB8651B2FA34}.Release|x86.Build.0 = Release|Win32
	EndGlobalSection
	GlobalSection(SolutionProperties) = preSolution
		HideSolutionNode = FALSE
	EndGlobalSection
	GlobalSection(ExtensibilityGlobals) = postSolution
		SolutionGuid = {6390E706-727E-4FBF-A020-8DEB667F779F}
	EndGlobalSection
EndGlobal
